
Microsoft Visual Studio Solution File, Format Version 12.00
# Visual Studio Version 16
VisualStudioVersion = 16.0.31112.23
MinimumVisualStudioVersion = 10.0.40219.1
Project("{FAE04EC0-301F-11D3-BF4B-00C04F79EFBC}") = "SNKRS", "SNKRS.csproj", "{DCE701C0-1543-4D4C-85EC-01414917C008}"
EndProject
Global
	GlobalSection(SolutionConfigurationPlatforms) = preSolution
		Debug|Any CPU = Debug|Any CPU
		Release|Any CPU = Release|Any CPU
	EndGlobalSection
	GlobalSection(ProjectConfigurationPlatforms) = postSolution
		{DCE701C0-1543-4D4C-85EC-01414917C008}.Debug|Any CPU.ActiveCfg = Debug|Any CPU
		{DCE701C0-1543-4D4C-85EC-01414917C008}.Debug|Any CPU.Build.0 = Debug|Any CPU
		{DCE701C0-1543-4D4C-85EC-01414917C008}.Release|Any CPU.ActiveCfg = Release|Any CPU
		{DCE701C0-1543-4D4C-85EC-01414917C008}.Release|Any CPU.Build.0 = Release|Any CPU
	EndGlobalSection
	GlobalSection(SolutionProperties) = preSolution
		HideSolutionNode = FALSE
	EndGlobalSection
	GlobalSection(ExtensibilityGlobals) = postSolution
		SolutionGuid = {C7CFA676-165D-492A-94A3-0C7EC790E3F6}
	EndGlobalSection
EndGlobal
